{
  "name": "brickly-sdk-go",
  "version": "0.11.0",
  "lockfileVersion": 3,
  "requires": true,
  "packages": {
    "": {
      "name": "brickly-sdk-go",
      "version": "0.11.0",
      "devDependencies": {
        "@syllm/brickly-test-host": "0.11.0"
      }
    },
    "node_modules/@syllm/brickly-test-host": {
      "version": "0.11.0",
      "resolved": "https://registry.npmjs.org/@syllm/brickly-test-host/-/brickly-test-host-0.11.0.tgz",
      "integrity": "sha512-/k2t6ICCtsuTL4Q+L1HITULwQCsn6gB2hpwg4a/Sgg9efAs5bJXCWD8kf+lL3P/USedlhZ9Hdg2qXttq7bErIg==",
      "dev": true,
      "license": "MIT",
      "bin": {
        "brickly-test-host": "dist/host.cjs"
      },
      "engines": {
        "node": ">=18.0.0"
      }
    }
  }
}
