{
  "name": "brickly-sdk-go",
  "version": "0.11.0",
  "lockfileVersion": 3,
  "requires": true,
  "packages": {
    "": {
      "name": "brickly-sdk-go",
      "version": "0.11.0",
      "devDependencies": {
        "@syllm/brickly-test-host": "0.12.1"
      }
    },
    "node_modules/@syllm/brickly-test-host": {
      "version": "0.12.1",
      "resolved": "https://registry.npmjs.org/@syllm/brickly-test-host/-/brickly-test-host-0.12.1.tgz",
      "integrity": "sha512-3RTi0qLGYxHt8JZqoxboQenJOr3c8mruvSe7YrIpe7qWv9PPqJpQAuDb0WiX3lv0OtJwdrPr/UyonmtLFmWPbA==",
      "dev": true,
      "license": "MIT",
      "bin": {
        "brickly-test-host": "dist/host.cjs"
      },
      "engines": {
        "node": ">=18.0.0"
      }
    }
  }
}
