{
  "name": "brickly-sdk-go",
  "version": "0.11.0",
  "lockfileVersion": 3,
  "requires": true,
  "packages": {
    "": {
      "name": "brickly-sdk-go",
      "version": "0.11.0",
      "devDependencies": {
        "@syllm/brickly-test-host": "^0.13.0"
      }
    },
    "node_modules/@syllm/brickly-test-host": {
      "version": "0.13.0",
      "resolved": "https://registry.npmjs.org/@syllm/brickly-test-host/-/brickly-test-host-0.13.0.tgz",
      "integrity": "sha512-abBAwDYgjTTg7F4uG4lzwyuthVUrhKUkxeC0uSvtAhiVsFbzfxWBYCF4+aNmD0GPpUiIol0eeTPU5FB7oXu2jw==",
      "dev": true,
      "license": "MIT",
      "bin": {
        "brickly-test-host": "dist/host.cjs"
      },
      "engines": {
        "node": ">=18.0.0"
      }
    }
  }
}
